// !$*UTF8*$!
{
	archiveVersion = 1;
	classes = {
	};
	objectVersion = 77;
	objects = {

/* Begin PBXContainerItemProxy section */
		622E87EA2F83B181007234A2 /* PBXContainerItemProxy */ = {
			isa = PBXContainerItemProxy;
			containerPortal = 622E87D42F83B180007234A2 /* Project object */;
			proxyType = 1;
			remoteGlobalIDString = 622E87DB2F83B181007234A2;
			remoteInfo = "Fluid Simulation";
		};
		622E87F42F83B181007234A2 /* PBXContainerItemProxy */ = {
			isa = PBXContainerItemProxy;
			containerPortal = 622E87D42F83B180007234A2 /* Project object */;
			proxyType = 1;
			remoteGlobalIDString = 622E87DB2F83B181007234A2;
			remoteInfo = "Fluid Simulation";
		};
/* End PBXContainerItemProxy section */

/* Begin PBXFileReference section */
		622E87DC2F83B181007234A2 /* Fluid Simulation.app */ = {isa = PBXFileReference; explicitFileType = wrapper.application; includeInIndex = 0; path = "Fluid Simulation.app"; sourceTree = BUILT_PRODUCTS_DIR; };
		622E87E92F83B181007234A2 /* Fluid SimulationTests.xctest */ = {isa = PBXFileReference; explicitFileType = wrapper.cfbundle; includeInIndex = 0; path = "Fluid SimulationTests.xctest"; sourceTree = BUILT_PRODUCTS_DIR; };
		622E87F32F83B181007234A2 /* Fluid SimulationUITests.xctest */ = {isa = PBXFileReference; explicitFileType = wrapper.cfbundle; includeInIndex = 0; path = "Fluid SimulationUITests.xctest"; sourceTree = BUILT_PRODUCTS_DIR; };
/* End PBXFileReference section */

/* Begin PBXFileSystemSynchronizedRootGroup section */
		622E87DE2F83B181007234A2 /* Fluid Simulation */ = {
			isa = PBXFileSystemSynchronizedRootGroup;
			path = "Fluid Simulation";
			sourceTree = "<group>";
		};
		622E87EC2F83B181007234A2 /* Fluid SimulationTests */ = {
			isa = PBXFileSystemSynchronizedRootGroup;
			path = "Fluid SimulationTests";
			sourceTree = "<group>";
		};
		622E87F62F83B181007234A2 /* Fluid SimulationUITests */ = {
			isa = PBXFileSystemSynchronizedRootGroup;
			path = "Fluid SimulationUITests";
			sourceTree = "<group>";
		};
/* End PBXFileSystemSynchronizedRootGroup section */

/* Begin PBXFrameworksBuildPhase section */
		622E87D92F83B181007234A2 /* Frameworks */ = {
			isa = PBXFrameworksBuildPhase;
			buildActionMask = 2147483647;
			files = (
			);
			runOnlyForDeploymentPostprocessing = 0;
		};
		622E87E62F83B181007234A2 /* Frameworks */ = {
			isa = PBXFrameworksBuildPhase;
			buildActionMask = 2147483647;
			files = (
			);
			runOnlyForDeploymentPostprocessing = 0;
		};
		622E87F02F83B181007234A2 /* Frameworks */ = {
			isa = PBXFrameworksBuildPhase;
			buildActionMask = 2147483647;
			files = (
			);
			runOnlyForDeploymentPostprocessing = 0;
		};
/* End PBXFrameworksBuildPhase section */

/* Begin PBXGroup section */
		622E87D32F83B180007234A2 = {
			isa = PBXGroup;
			children = (
				622E87DE2F83B181007234A2 /* Fluid Simulation */,
				622E87EC2F83B181007234A2 /* Fluid SimulationTests */,
				622E87F62F83B181007234A2 /* Fluid SimulationUITests */,
				622E87DD2F83B181007234A2 /* Products */,
			);
			sourceTree = "<group>";
		};
		622E87DD2F83B181007234A2 /* Products */ = {
			isa = PBXGroup;
			children = (
				622E87DC2F83B181007234A2 /* Fluid Simulation.app */,
				622E87E92F83B181007234A2 /* Fluid SimulationTests.xctest */,
				622E87F32F83B181007234A2 /* Fluid SimulationUITests.xctest */,
			);
			name = Products;
			sourceTree = "<group>";
		};
/* End PBXGroup section */

/* Begin PBXNativeTarget section */
		622E87DB2F83B181007234A2 /* Fluid Simulation */ = {
			isa = PBXNativeTarget;
			buildConfigurationList = 622E87FD2F83B181007234A2 /* Build configuration list for PBXNativeTarget "Fluid Simulation" */;
			buildPhases = (
				622E87D82F83B181007234A2 /* Sources */,
				622E87D92F83B181007234A2 /* Frameworks */,
				622E87DA2F83B181007234A2 /* Resources */,
			);
			buildRules = (
			);
			dependencies = (
			);
			fileSystemSynchronizedGroups = (
				622E87DE2F83B181007234A2 /* Fluid Simulation */,
			);
			name = "Fluid Simulation";
			packageProductDependencies = (
			);
			productName = "Fluid Simulation";
			productReference = 622E87DC2F83B181007234A2 /* Fluid Simulation.app */;
			productType = "com.apple.product-type.application";
		};
		622E87E82F83B181007234A2 /* Fluid SimulationTests */ = {
			isa = PBXNativeTarget;
			buildConfigurationList = 622E88002F83B181007234A2 /* Build configuration list for PBXNativeTarget "Fluid SimulationTests" */;
			buildPhases = (
				622E87E52F83B181007234A2 /* Sources */,
				622E87E62F83B181007234A2 /* Frameworks */,
				622E87E72F83B181007234A2 /* Resources */,
			);
			buildRules = (
			);
			dependencies = (
				622E87EB2F83B181007234A2 /* PBXTargetDependency */,
			);
			fileSystemSynchronizedGroups = (
				622E87EC2F83B181007234A2 /* Fluid SimulationTests */,
			);
			name = "Fluid SimulationTests";
			packageProductDependencies = (
			);
			productName = "Fluid SimulationTests";
			productReference = 622E87E92F83B181007234A2 /* Fluid SimulationTests.xctest */;
			productType = "com.apple.product-type.bundle.unit-test";
		};
		622E87F22F83B181007234A2 /* Fluid SimulationUITests */ = {
			isa = PBXNativeTarget;
			buildConfigurationList = 622E88032F83B181007234A2 /* Build configuration list for PBXNativeTarget "Fluid SimulationUITests" */;
			buildPhases = (
				622E87EF2F83B181007234A2 /* Sources */,
				622E87F02F83B181007234A2 /* Frameworks */,
				622E87F12F83B181007234A2 /* Resources */,
			);
			buildRules = (
			);
			dependencies = (
				622E87F52F83B181007234A2 /* PBXTargetDependency */,
			);
			fileSystemSynchronizedGroups = (
				622E87F62F83B181007234A2 /* Fluid SimulationUITests */,
			);
			name = "Fluid SimulationUITests";
			packageProductDependencies = (
			);
			productName = "Fluid SimulationUITests";
			productReference = 622E87F32F83B181007234A2 /* Fluid SimulationUITests.xctest */;
			productType = "com.apple.product-type.bundle.ui-testing";
		};
/* End PBXNativeTarget section */

/* Begin PBXProject section */
		622E87D42F83B180007234A2 /* Project object */ = {
			isa = PBXProject;
			attributes = {
				BuildIndependentTargetsInParallel = 1;
				LastSwiftUpdateCheck = 2630;
				LastUpgradeCheck = 2630;
				TargetAttributes = {
					622E87DB2F83B181007234A2 = {
						CreatedOnToolsVersion = 26.3;
					};
					622E87E82F83B181007234A2 = {
						CreatedOnToolsVersion = 26.3;
						TestTargetID = 622E87DB2F83B181007234A2;
					};
					622E87F22F83B181007234A2 = {
						CreatedOnToolsVersion = 26.3;
						TestTargetID = 622E87DB2F83B181007234A2;
					};
				};
			};
			buildConfigurationList = 622E87D72F83B180007234A2 /* Build configuration list for PBXProject "Fluid Simulation" */;
			developmentRegion = en;
			hasScannedForEncodings = 0;
			knownRegions = (
				en,
				Base,
			);
			mainGroup = 622E87D32F83B180007234A2;
			minimizedProjectReferenceProxies = 1;
			preferredProjectObjectVersion = 77;
			productRefGroup = 622E87DD2F83B181007234A2 /* Products */;
			projectDirPath = "";
			projectRoot = "";
			targets = (
				622E87DB2F83B181007234A2 /* Fluid Simulation */,
				622E87E82F83B181007234A2 /* Fluid SimulationTests */,
				622E87F22F83B181007234A2 /* Fluid SimulationUITests */,
			);
		};
/* End PBXProject section */

/* Begin PBXResourcesBuildPhase section */
		622E87DA2F83B181007234A2 /* Resources */ = {
			isa = PBXResourcesBuildPhase;
			buildActionMask = 2147483647;
			files = (
			);
			runOnlyForDeploymentPostprocessing = 0;
		};
		622E87E72F83B181007234A2 /* Resources */ = {
			isa = PBXResourcesBuildPhase;
			buildActionMask = 2147483647;
			files = (
			);
			runOnlyForDeploymentPostprocessing = 0;
		};
		622E87F12F83B181007234A2 /* Resources */ = {
			isa = PBXResourcesBuildPhase;
			buildActionMask = 2147483647;
			files = (
			);
			runOnlyForDeploymentPostprocessing = 0;
		};
/* End PBXResourcesBuildPhase section */

/* Begin PBXSourcesBuildPhase section */
		622E87D82F83B181007234A2 /* Sources */ = {
			isa = PBXSourcesBuildPhase;
			buildActionMask = 2147483647;
			files = (
			);
			runOnlyForDeploymentPostprocessing = 0;
		};
		622E87E52F83B181007234A2 /* Sources */ = {
			isa = PBXSourcesBuildPhase;
			buildActionMask = 2147483647;
			files = (
			);
			runOnlyForDeploymentPostprocessing = 0;
		};
		622E87EF2F83B181007234A2 /* Sources */ = {
			isa = PBXSourcesBuildPhase;
			buildActionMask = 2147483647;
			files = (
			);
			runOnlyForDeploymentPostprocessing = 0;
		};
/* End PBXSourcesBuildPhase section */

/* Begin PBXTargetDependency section */
		622E87EB2F83B181007234A2 /* PBXTargetDependency */ = {
			isa = PBXTargetDependency;
			target = 622E87DB2F83B181007234A2 /* Fluid Simulation */;
			targetProxy = 622E87EA2F83B181007234A2 /* PBXContainerItemProxy */;
		};
		622E87F52F83B181007234A2 /* PBXTargetDependency */ = {
			isa = PBXTargetDependency;
			target = 622E87DB2F83B181007234A2 /* Fluid Simulation */;
			targetProxy = 622E87F42F83B181007234A2 /* PBXContainerItemProxy */;
		};
/* End PBXTargetDependency section */

/* Begin XCBuildConfiguration section */
		622E87FB2F83B181007234A2 /* Debug */ = {
			isa = XCBuildConfiguration;
			buildSettings = {
				ALWAYS_SEARCH_USER_PATHS = NO;
				ASSETCATALOG_COMPILER_GENERATE_SWIFT_ASSET_SYMBOL_EXTENSIONS = YES;
				CLANG_ANALYZER_NONNULL = YES;
				CLANG_ANALYZER_NUMBER_OBJECT_CONVERSION = YES_AGGRESSIVE;
				CLANG_CXX_LANGUAGE_STANDARD = "gnu++20";
				CLANG_ENABLE_MODULES = YES;
				CLANG_ENABLE_OBJC_ARC = YES;
				CLANG_ENABLE_OBJC_WEAK = YES;
				CLANG_WARN_BLOCK_CAPTURE_AUTORELEASING = YES;
				CLANG_WARN_BOOL_CONVERSION = YES;
				CLANG_WARN_COMMA = YES;
				CLANG_WARN_CONSTANT_CONVERSION = YES;
				CLANG_WARN_DEPRECATED_OBJC_IMPLEMENTATIONS = YES;
				CLANG_WARN_DIRECT_OBJC_ISA_USAGE = YES_ERROR;
				CLANG_WARN_DOCUMENTATION_COMMENTS = YES;
				CLANG_WARN_EMPTY_BODY = YES;
				CLANG_WARN_ENUM_CONVERSION = YES;
				CLANG_WARN_INFINITE_RECURSION = YES;
				CLANG_WARN_INT_CONVERSION = YES;
				CLANG_WARN_NON_LITERAL_NULL_CONVERSION = YES;
				CLANG_WARN_OBJC_IMPLICIT_RETAIN_SELF = YES;
				CLANG_WARN_OBJC_LITERAL_CONVERSION = YES;
				CLANG_WARN_OBJC_ROOT_CLASS = YES_ERROR;
				CLANG_WARN_QUOTED_INCLUDE_IN_FRAMEWORK_HEADER = YES;
				CLANG_WARN_RANGE_LOOP_ANALYSIS = YES;
				CLANG_WARN_STRICT_PROTOTYPES = YES;
				CLANG_WARN_SUSPICIOUS_MOVE = YES;
				CLANG_WARN_UNGUARDED_AVAILABILITY = YES_AGGRESSIVE;
				CLANG_WARN_UNREACHABLE_CODE = YES;
				CLANG_WARN__DUPLICATE_METHOD_MATCH = YES;
				COPY_PHASE_STRIP = NO;
				DEBUG_INFORMATION_FORMAT = dwarf;
				DEVELOPMENT_TEAM = 648K6Y4B8F;
				ENABLE_STRICT_OBJC_MSGSEND = YES;
				ENABLE_TESTABILITY = YES;
				ENABLE_USER_SCRIPT_SANDBOXING = YES;
				GCC_C_LANGUAGE_STANDARD = gnu17;
				GCC_DYNAMIC_NO_PIC = NO;
				GCC_NO_COMMON_BLOCKS = YES;
				GCC_OPTIMIZATION_LEVEL = 0;
				GCC_PREPROCESSOR_DEFINITIONS = (
					"DEBUG=1",
					"$(inherited)",
				);
				GCC_WARN_64_TO_32_BIT_CONVERSION = YES;
				GCC_WARN_ABOUT_RETURN_TYPE = YES_ERROR;
				GCC_WARN_UNDECLARED_SELECTOR = YES;
				GCC_WARN_UNINITIALIZED_AUTOS = YES_AGGRESSIVE;
				GCC_WARN_UNUSED_FUNCTION = YES;
				GCC_WARN_UNUSED_VARIABLE = YES;
				LOCALIZATION_PREFERS_STRING_CATALOGS = YES;
				MACOSX_DEPLOYMENT_TARGET = 26.2;
				MTL_ENABLE_DEBUG_INFO = INCLUDE_SOURCE;
				MTL_FAST_MATH = YES;
				ONLY_ACTIVE_ARCH = YES;
				SDKROOT = macosx;
				SWIFT_ACTIVE_COMPILATION_CONDITIONS = "DEBUG $(inherited)";
				SWIFT_OPTIMIZATION_LEVEL = "-Onone";
			};
			name = Debug;
		};
		622E87FC2F83B181007234A2 /* Release */ = {
			isa = XCBuildConfiguration;
			buildSettings = {
				ALWAYS_SEARCH_USER_PATHS = NO;
				ASSETCATALOG_COMPILER_GENERATE_SWIFT_ASSET_SYMBOL_EXTENSIONS = YES;
				CLANG_ANALYZER_NONNULL = YES;
				CLANG_ANALYZER_NUMBER_OBJECT_CONVERSION = YES_AGGRESSIVE;
				CLANG_CXX_LANGUAGE_STANDARD = "gnu++20";
				CLANG_ENABLE_MODULES = YES;
				CLANG_ENABLE_OBJC_ARC = YES;
				CLANG_ENABLE_OBJC_WEAK = YES;
				CLANG_WARN_BLOCK_CAPTURE_AUTORELEASING = YES;
				CLANG_WARN_BOOL_CONVERSION = YES;
				CLANG_WARN_COMMA = YES;
				CLANG_WARN_CONSTANT_CONVERSION = YES;
				CLANG_WARN_DEPRECATED_OBJC_IMPLEMENTATIONS = YES;
				CLANG_WARN_DIRECT_OBJC_ISA_USAGE = YES_ERROR;
				CLANG_WARN_DOCUMENTATION_COMMENTS = YES;
				CLANG_WARN_EMPTY_BODY = YES;
				CLANG_WARN_ENUM_CONVERSION = YES;
				CLANG_WARN_INFINITE_RECURSION = YES;
				CLANG_WARN_INT_CONVERSION = YES;
				CLANG_WARN_NON_LITERAL_NULL_CONVERSION = YES;
				CLANG_WARN_OBJC_IMPLICIT_RETAIN_SELF = YES;
				CLANG_WARN_OBJC_LITERAL_CONVERSION = YES;
				CLANG_WARN_OBJC_ROOT_CLASS = YES_ERROR;
				CLANG_WARN_QUOTED_INCLUDE_IN_FRAMEWORK_HEADER = YES;
				CLANG_WARN_RANGE_LOOP_ANALYSIS = YES;
				CLANG_WARN_STRICT_PROTOTYPES = YES;
				CLANG_WARN_SUSPICIOUS_MOVE = YES;
				CLANG_WARN_UNGUARDED_AVAILABILITY = YES_AGGRESSIVE;
				CLANG_WARN_UNREACHABLE_CODE = YES;
				CLANG_WARN__DUPLICATE_METHOD_MATCH = YES;
				COPY_PHASE_STRIP = NO;
				DEBUG_INFORMATION_FORMAT = "dwarf-with-dsym";
				DEVELOPMENT_TEAM = 648K6Y4B8F;
				ENABLE_NS_ASSERTIONS = NO;
				ENABLE_STRICT_OBJC_MSGSEND = YES;
				ENABLE_USER_SCRIPT_SANDBOXING = YES;
				GCC_C_LANGUAGE_STANDARD = gnu17;
				GCC_NO_COMMON_BLOCKS = YES;
				GCC_WARN_64_TO_32_BIT_CONVERSION = YES;
				GCC_WARN_ABOUT_RETURN_TYPE = YES_ERROR;
				GCC_WARN_UNDECLARED_SELECTOR = YES;
				GCC_WARN_UNINITIALIZED_AUTOS = YES_AGGRESSIVE;
				GCC_WARN_UNUSED_FUNCTION = YES;
				GCC_WARN_UNUSED_VARIABLE = YES;
				LOCALIZATION_PREFERS_STRING_CATALOGS = YES;
				MACOSX_DEPLOYMENT_TARGET = 26.2;
				MTL_ENABLE_DEBUG_INFO = NO;
				MTL_FAST_MATH = YES;
				SDKROOT = macosx;
				SWIFT_COMPILATION_MODE = wholemodule;
			};
			name = Release;
		};
		622E87FE2F83B181007234A2 /* Debug */ = {
			isa = XCBuildConfiguration;
			buildSettings = {
				ASSETCATALOG_COMPILER_APPICON_NAME = AppIcon;
				ASSETCATALOG_COMPILER_GLOBAL_ACCENT_COLOR_NAME = AccentColor;
				CODE_SIGN_STYLE = Automatic;
				COMBINE_HIDPI_IMAGES = YES;
				CURRENT_PROJECT_VERSION = 1;
				DEVELOPMENT_TEAM = 648K6Y4B8F;
				ENABLE_APP_SANDBOX = YES;
				ENABLE_HARDENED_RUNTIME = YES;
				ENABLE_PREVIEWS = YES;
				ENABLE_USER_SELECTED_FILES = readonly;
				GENERATE_INFOPLIST_FILE = YES;
				INFOPLIST_KEY_NSHumanReadableCopyright = "";
				LD_RUNPATH_SEARCH_PATHS = (
					"$(inherited)",
					"@executable_path/../Frameworks",
				);
				MARKETING_VERSION = 1.0;
				PRODUCT_BUNDLE_IDENTIFIER = "com.maxvdec.Fluid-Simulation";
				PRODUCT_NAME = "$(TARGET_NAME)";
				REGISTER_APP_GROUPS = YES;
				STRING_CATALOG_GENERATE_SYMBOLS = YES;
				SWIFT_APPROACHABLE_CONCURRENCY = YES;
				SWIFT_DEFAULT_ACTOR_ISOLATION = MainActor;
				SWIFT_EMIT_LOC_STRINGS = YES;
				SWIFT_UPCOMING_FEATURE_MEMBER_IMPORT_VISIBILITY = YES;
				SWIFT_VERSION = 5.0;
			};
			name = Debug;
		};
		622E87FF2F83B181007234A2 /* Release */ = {
			isa = XCBuildConfiguration;
			buildSettings = {
				ASSETCATALOG_COMPILER_APPICON_NAME = AppIcon;
				ASSETCATALOG_COMPILER_GLOBAL_ACCENT_COLOR_NAME = AccentColor;
				CODE_SIGN_STYLE = Automatic;
				COMBINE_HIDPI_IMAGES = YES;
				CURRENT_PROJECT_VERSION = 1;
				DEVELOPMENT_TEAM = 648K6Y4B8F;
				ENABLE_APP_SANDBOX = YES;
				ENABLE_HARDENED_RUNTIME = YES;
				ENABLE_PREVIEWS = YES;
				ENABLE_USER_SELECTED_FILES = readonly;
				GENERATE_INFOPLIST_FILE = YES;
				INFOPLIST_KEY_NSHumanReadableCopyright = "";
				LD_RUNPATH_SEARCH_PATHS = (
					"$(inherited)",
					"@executable_path/../Frameworks",
				);
				MARKETING_VERSION = 1.0;
				PRODUCT_BUNDLE_IDENTIFIER = "com.maxvdec.Fluid-Simulation";
				PRODUCT_NAME = "$(TARGET_NAME)";
				REGISTER_APP_GROUPS = YES;
				STRING_CATALOG_GENERATE_SYMBOLS = YES;
				SWIFT_APPROACHABLE_CONCURRENCY = YES;
				SWIFT_DEFAULT_ACTOR_ISOLATION = MainActor;
				SWIFT_EMIT_LOC_STRINGS = YES;
				SWIFT_UPCOMING_FEATURE_MEMBER_IMPORT_VISIBILITY = YES;
				SWIFT_VERSION = 5.0;
			};
			name = Release;
		};
		622E88012F83B181007234A2 /* Debug */ = {
			isa = XCBuildConfiguration;
			buildSettings = {
				BUNDLE_LOADER = "$(TEST_HOST)";
				CODE_SIGN_STYLE = Automatic;
				CURRENT_PROJECT_VERSION = 1;
				DEVELOPMENT_TEAM = 648K6Y4B8F;
				GENERATE_INFOPLIST_FILE = YES;
				MACOSX_DEPLOYMENT_TARGET = 26.2;
				MARKETING_VERSION = 1.0;
				PRODUCT_BUNDLE_IDENTIFIER = "com.maxvdec.Fluid-SimulationTests";
				PRODUCT_NAME = "$(TARGET_NAME)";
				STRING_CATALOG_GENERATE_SYMBOLS = NO;
				SWIFT_APPROACHABLE_CONCURRENCY = YES;
				SWIFT_EMIT_LOC_STRINGS = NO;
				SWIFT_UPCOMING_FEATURE_MEMBER_IMPORT_VISIBILITY = YES;
				SWIFT_VERSION = 5.0;
				TEST_HOST = "$(BUILT_PRODUCTS_DIR)/Fluid Simulation.app/$(BUNDLE_EXECUTABLE_FOLDER_PATH)/Fluid Simulation";
			};
			name = Debug;
		};
		622E88022F83B181007234A2 /* Release */ = {
			isa = XCBuildConfiguration;
			buildSettings = {
				BUNDLE_LOADER = "$(TEST_HOST)";
				CODE_SIGN_STYLE = Automatic;
				CURRENT_PROJECT_VERSION = 1;
				DEVELOPMENT_TEAM = 648K6Y4B8F;
				GENERATE_INFOPLIST_FILE = YES;
				MACOSX_DEPLOYMENT_TARGET = 26.2;
				MARKETING_VERSION = 1.0;
				PRODUCT_BUNDLE_IDENTIFIER = "com.maxvdec.Fluid-SimulationTests";
				PRODUCT_NAME = "$(TARGET_NAME)";
				STRING_CATALOG_GENERATE_SYMBOLS = NO;
				SWIFT_APPROACHABLE_CONCURRENCY = YES;
				SWIFT_EMIT_LOC_STRINGS = NO;
				SWIFT_UPCOMING_FEATURE_MEMBER_IMPORT_VISIBILITY = YES;
				SWIFT_VERSION = 5.0;
				TEST_HOST = "$(BUILT_PRODUCTS_DIR)/Fluid Simulation.app/$(BUNDLE_EXECUTABLE_FOLDER_PATH)/Fluid Simulation";
			};
			name = Release;
		};
		622E88042F83B181007234A2 /* Debug */ = {
			isa = XCBuildConfiguration;
			buildSettings = {
				CODE_SIGN_STYLE = Automatic;
				CURRENT_PROJECT_VERSION = 1;
				DEVELOPMENT_TEAM = 648K6Y4B8F;
				GENERATE_INFOPLIST_FILE = YES;
				MARKETING_VERSION = 1.0;
				PRODUCT_BUNDLE_IDENTIFIER = "com.maxvdec.Fluid-SimulationUITests";
				PRODUCT_NAME = "$(TARGET_NAME)";
				STRING_CATALOG_GENERATE_SYMBOLS = NO;
				SWIFT_APPROACHABLE_CONCURRENCY = YES;
				SWIFT_EMIT_LOC_STRINGS = NO;
				SWIFT_UPCOMING_FEATURE_MEMBER_IMPORT_VISIBILITY = YES;
				SWIFT_VERSION = 5.0;
				TEST_TARGET_NAME = "Fluid Simulation";
			};
			name = Debug;
		};
		622E88052F83B181007234A2 /* Release */ = {
			isa = XCBuildConfiguration;
			buildSettings = {
				CODE_SIGN_STYLE = Automatic;
				CURRENT_PROJECT_VERSION = 1;
				DEVELOPMENT_TEAM = 648K6Y4B8F;
				GENERATE_INFOPLIST_FILE = YES;
				MARKETING_VERSION = 1.0;
				PRODUCT_BUNDLE_IDENTIFIER = "com.maxvdec.Fluid-SimulationUITests";
				PRODUCT_NAME = "$(TARGET_NAME)";
				STRING_CATALOG_GENERATE_SYMBOLS = NO;
				SWIFT_APPROACHABLE_CONCURRENCY = YES;
				SWIFT_EMIT_LOC_STRINGS = NO;
				SWIFT_UPCOMING_FEATURE_MEMBER_IMPORT_VISIBILITY = YES;
				SWIFT_VERSION = 5.0;
				TEST_TARGET_NAME = "Fluid Simulation";
			};
			name = Release;
		};
/* End XCBuildConfiguration section */

/* Begin XCConfigurationList section */
		622E87D72F83B180007234A2 /* Build configuration list for PBXProject "Fluid Simulation" */ = {
			isa = XCConfigurationList;
			buildConfigurations = (
				622E87FB2F83B181007234A2 /* Debug */,
				622E87FC2F83B181007234A2 /* Release */,
			);
			defaultConfigurationIsVisible = 0;
			defaultConfigurationName = Release;
		};
		622E87FD2F83B181007234A2 /* Build configuration list for PBXNativeTarget "Fluid Simulation" */ = {
			isa = XCConfigurationList;
			buildConfigurations = (
				622E87FE2F83B181007234A2 /* Debug */,
				622E87FF2F83B181007234A2 /* Release */,
			);
			defaultConfigurationIsVisible = 0;
			defaultConfigurationName = Release;
		};
		622E88002F83B181007234A2 /* Build configuration list for PBXNativeTarget "Fluid SimulationTests" */ = {
			isa = XCConfigurationList;
			buildConfigurations = (
				622E88012F83B181007234A2 /* Debug */,
				622E88022F83B181007234A2 /* Release */,
			);
			defaultConfigurationIsVisible = 0;
			defaultConfigurationName = Release;
		};
		622E88032F83B181007234A2 /* Build configuration list for PBXNativeTarget "Fluid SimulationUITests" */ = {
			isa = XCConfigurationList;
			buildConfigurations = (
				622E88042F83B181007234A2 /* Debug */,
				622E88052F83B181007234A2 /* Release */,
			);
			defaultConfigurationIsVisible = 0;
			defaultConfigurationName = Release;
		};
/* End XCConfigurationList section */
	};
	rootObject = 622E87D42F83B180007234A2 /* Project object */;
}
